
Microsoft Visual Studio Solution File, Format Version 12.00
# Visual Studio Version 16
VisualStudioVersion = 16.0.31205.134
MinimumVisualStudioVersion = 10.0.40219.1
Project("{FAE04EC0-301F-11D3-BF4B-00C04F79EFBC}") = "WebApplication.Server", "WebApplication\Server\WebApplication.Server.csproj", "{77B9C0E7-88C0-47EF-A111-E5F6F59E25BF}"
EndProject
Project("{FAE04EC0-301F-11D3-BF4B-00C04F79EFBC}") = "WebApplication.Client", "WebApplication\Client\WebApplication.Client.csproj", "{75748650-75E8-42EA-82C1-9CF9E1601008}"
EndProject
Project("{FAE04EC0-301F-11D3-BF4B-00C04F79EFBC}") = "WebApplication.Shared", "WebApplication\Shared\WebApplication.Shared.csproj", "{6AFDBDA3-6622-446B-B587-918BA5887D5B}"
EndProject
Global
	GlobalSection(SolutionConfigurationPlatforms) = preSolution
		Debug|Any CPU = Debug|Any CPU
		Release|Any CPU = Release|Any CPU
	EndGlobalSection
	GlobalSection(ProjectConfigurationPlatforms) = postSolution
		{77B9C0E7-88C0-47EF-A111-E5F6F59E25BF}.Debug|Any CPU.ActiveCfg = Debug|Any CPU
		{77B9C0E7-88C0-47EF-A111-E5F6F59E25BF}.Debug|Any CPU.Build.0 = Debug|Any CPU
		{77B9C0E7-88C0-47EF-A111-E5F6F59E25BF}.Release|Any CPU.ActiveCfg = Release|Any CPU
		{77B9C0E7-88C0-47EF-A111-E5F6F59E25BF}.Release|Any CPU.Build.0 = Release|Any CPU
		{75748650-75E8-42EA-82C1-9CF9E1601008}.Debug|Any CPU.ActiveCfg = Debug|Any CPU
		{75748650-75E8-42EA-82C1-9CF9E1601008}.Debug|Any CPU.Build.0 = Debug|Any CPU
		{75748650-75E8-42EA-82C1-9CF9E1601008}.Release|Any CPU.ActiveCfg = Release|Any CPU
		{75748650-75E8-42EA-82C1-9CF9E1601008}.Release|Any CPU.Build.0 = Release|Any CPU
		{6AFDBDA3-6622-446B-B587-918BA5887D5B}.Debug|Any CPU.ActiveCfg = Debug|Any CPU
		{6AFDBDA3-6622-446B-B587-918BA5887D5B}.Debug|Any CPU.Build.0 = Debug|Any CPU
		{6AFDBDA3-6622-446B-B587-918BA5887D5B}.Release|Any CPU.ActiveCfg = Release|Any CPU
		{6AFDBDA3-6622-446B-B587-918BA5887D5B}.Release|Any CPU.Build.0 = Release|Any CPU
	EndGlobalSection
	GlobalSection(SolutionProperties) = preSolution
		HideSolutionNode = FALSE
	EndGlobalSection
	GlobalSection(ExtensibilityGlobals) = postSolution
		SolutionGuid = {E37D1301-FB3B-4CD8-9F42-7956B1C9241D}
	EndGlobalSection
EndGlobal
